
Microsoft Visual Studio Solution File, Format Version 12.00
# Visual Studio Version 17
VisualStudioVersion = 17.3.32929.385
MinimumVisualStudioVersion = 10.0.40219.1
Project("{FAE04EC0-301F-11D3-BF4B-00C04F79EFBC}") = "BasicApi", "src\BasicApi\BasicApi.csproj", "{D3A0410D-1F42-41C3-8927-8AACCC29D0A3}"
EndProject
Project("{FAE04EC0-301F-11D3-BF4B-00C04F79EFBC}") = "BasicApi.Tests", "test\BasicApi.Tests\BasicApi.Tests.csproj", "{045D0D3A-C610-42E8-9238-372BBC02B9EA}"
EndProject
Global
	GlobalSection(SolutionConfigurationPlatforms) = preSolution
		Debug|Any CPU = Debug|Any CPU
		Release|Any CPU = Release|Any CPU
	EndGlobalSection
	GlobalSection(ProjectConfigurationPlatforms) = postSolution
		{D3A0410D-1F42-41C3-8927-8AACCC29D0A3}.Debug|Any CPU.ActiveCfg = Debug|Any CPU
		{D3A0410D-1F42-41C3-8927-8AACCC29D0A3}.Debug|Any CPU.Build.0 = Debug|Any CPU
		{D3A0410D-1F42-41C3-8927-8AACCC29D0A3}.Release|Any CPU.ActiveCfg = Release|Any CPU
		{D3A0410D-1F42-41C3-8927-8AACCC29D0A3}.Release|Any CPU.Build.0 = Release|Any CPU
		{045D0D3A-C610-42E8-9238-372BBC02B9EA}.Debug|Any CPU.ActiveCfg = Debug|Any CPU
		{045D0D3A-C610-42E8-9238-372BBC02B9EA}.Debug|Any CPU.Build.0 = Debug|Any CPU
		{045D0D3A-C610-42E8-9238-372BBC02B9EA}.Release|Any CPU.ActiveCfg = Release|Any CPU
		{045D0D3A-C610-42E8-9238-372BBC02B9EA}.Release|Any CPU.Build.0 = Release|Any CPU
	EndGlobalSection
	GlobalSection(SolutionProperties) = preSolution
		HideSolutionNode = FALSE
	EndGlobalSection
	GlobalSection(ExtensibilityGlobals) = postSolution
		SolutionGuid = {B089A9CD-66A5-494F-870D-50404C08C01B}
	EndGlobalSection
EndGlobal
